
Microsoft Visual Studio Solution File, Format Version 12.00
# Visual Studio 15
Project("{FAE04EC0-301F-11D3-BF4B-00C04F79EFBC}") = "TestUtils", "TestUtils\TestUtils.csproj", "{53A5DE4D-0C59-4164-B6D7-AB89F15FD409}"
EndProject
Project("{FAE04EC0-301F-11D3-BF4B-00C04F79EFBC}") = "TestLibrary", "TestLibrary\TestLibrary.csproj", "{5F3B52DF-ED9C-4D9A-A568-7528D6FF8724}"
EndProject
Project("{FAE04EC0-301F-11D3-BF4B-00C04F79EFBC}") = "WordCounterApp", "WordCounterApp\WordCounterApp.csproj", "{E1A9C340-6E3C-428A-8B13-103E0550AC3F}"
EndProject
Global
	GlobalSection(SolutionConfigurationPlatforms) = preSolution
		Debug|Any CPU = Debug|Any CPU
		Release|Any CPU = Release|Any CPU
	EndGlobalSection
	GlobalSection(ProjectConfigurationPlatforms) = postSolution
		{53A5DE4D-0C59-4164-B6D7-AB89F15FD409}.Debug|Any CPU.ActiveCfg = Debug|Any CPU
		{53A5DE4D-0C59-4164-B6D7-AB89F15FD409}.Debug|Any CPU.Build.0 = Debug|Any CPU
		{53A5DE4D-0C59-4164-B6D7-AB89F15FD409}.Release|Any CPU.ActiveCfg = Release|Any CPU
		{53A5DE4D-0C59-4164-B6D7-AB89F15FD409}.Release|Any CPU.Build.0 = Release|Any CPU
		{5F3B52DF-ED9C-4D9A-A568-7528D6FF8724}.Debug|Any CPU.ActiveCfg = Debug|Any CPU
		{5F3B52DF-ED9C-4D9A-A568-7528D6FF8724}.Debug|Any CPU.Build.0 = Debug|Any CPU
		{5F3B52DF-ED9C-4D9A-A568-7528D6FF8724}.Release|Any CPU.ActiveCfg = Release|Any CPU
		{5F3B52DF-ED9C-4D9A-A568-7528D6FF8724}.Release|Any CPU.Build.0 = Release|Any CPU
		{E1A9C340-6E3C-428A-8B13-103E0550AC3F}.Debug|Any CPU.ActiveCfg = Debug|Any CPU
		{E1A9C340-6E3C-428A-8B13-103E0550AC3F}.Debug|Any CPU.Build.0 = Debug|Any CPU
		{E1A9C340-6E3C-428A-8B13-103E0550AC3F}.Release|Any CPU.ActiveCfg = Release|Any CPU
		{E1A9C340-6E3C-428A-8B13-103E0550AC3F}.Release|Any CPU.Build.0 = Release|Any CPU
	EndGlobalSection
EndGlobal
